// !$*UTF8*$!
{
	archiveVersion = 1;
	classes = {
	};
	objectVersion = 56;
	objects = {

/* Begin PBXBuildFile section */
		2347FB6B2A7DC13600913371 /* SampleLayout_SwiftUIApp.swift in Sources */ = {isa = PBXBuildFile; fileRef = 2347FB6A2A7DC13600913371 /* SampleLayout_SwiftUIApp.swift */; };
		2347FB6D2A7DC13600913371 /* ContentView.swift in Sources */ = {isa = PBXBuildFile; fileRef = 2347FB6C2A7DC13600913371 /* ContentView.swift */; };
		2347FB6F2A7DC13700913371 /* Assets.xcassets in Resources */ = {isa = PBXBuildFile; fileRef = 2347FB6E2A7DC13700913371 /* Assets.xcassets */; };
		2347FB722A7DC13700913371 /* Preview Assets.xcassets in Resources */ = {isa = PBXBuildFile; fileRef = 2347FB712A7DC13700913371 /* Preview Assets.xcassets */; };
		2347FB7C2A7DC13700913371 /* SampleLayout_SwiftUITests.swift in Sources */ = {isa = PBXBuildFile; fileRef = 2347FB7B2A7DC13700913371 /* SampleLayout_SwiftUITests.swift */; };
		2347FB862A7DC13700913371 /* SampleLayout_SwiftUIUITests.swift in Sources */ = {isa = PBXBuildFile; fileRef = 2347FB852A7DC13700913371 /* SampleLayout_SwiftUIUITests.swift */; };
		2347FB882A7DC13700913371 /* SampleLayout_SwiftUIUITestsLaunchTests.swift in Sources */ = {isa = PBXBuildFile; fileRef = 2347FB872A7DC13700913371 /* SampleLayout_SwiftUIUITestsLaunchTests.swift */; };
/* End PBXBuildFile section */

/* Begin PBXContainerItemProxy section */
		2347FB782A7DC13700913371 /* PBXContainerItemProxy */ = {
			isa = PBXContainerItemProxy;
			containerPortal = 2347FB5F2A7DC13600913371 /* Project object */;
			proxyType = 1;
			remoteGlobalIDString = 2347FB662A7DC13600913371;
			remoteInfo = SampleLayout_SwiftUI;
		};
		2347FB822A7DC13700913371 /* PBXContainerItemProxy */ = {
			isa = PBXContainerItemProxy;
			containerPortal = 2347FB5F2A7DC13600913371 /* Project object */;
			proxyType = 1;
			remoteGlobalIDString = 2347FB662A7DC13600913371;
			remoteInfo = SampleLayout_SwiftUI;
		};
/* End PBXContainerItemProxy section */

/* Begin PBXFileReference section */
		2347FB672A7DC13600913371 /* SampleLayout_SwiftUI.app */ = {isa = PBXFileReference; explicitFileType = wrapper.application; includeInIndex = 0; path = SampleLayout_SwiftUI.app; sourceTree = BUILT_PRODUCTS_DIR; };
		2347FB6A2A7DC13600913371 /* SampleLayout_SwiftUIApp.swift */ = {isa = PBXFileReference; lastKnownFileType = sourcecode.swift; path = SampleLayout_SwiftUIApp.swift; sourceTree = "<group>"; };
		2347FB6C2A7DC13600913371 /* ContentView.swift */ = {isa = PBXFileReference; lastKnownFileType = sourcecode.swift; path = ContentView.swift; sourceTree = "<group>"; };
		2347FB6E2A7DC13700913371 /* Assets.xcassets */ = {isa = PBXFileReference; lastKnownFileType = folder.assetcatalog; path = Assets.xcassets; sourceTree = "<group>"; };
		2347FB712A7DC13700913371 /* Preview Assets.xcassets */ = {isa = PBXFileReference; lastKnownFileType = folder.assetcatalog; path = "Preview Assets.xcassets"; sourceTree = "<group>"; };
		2347FB772A7DC13700913371 /* SampleLayout_SwiftUITests.xctest */ = {isa = PBXFileReference; explicitFileType = wrapper.cfbundle; includeInIndex = 0; path = SampleLayout_SwiftUITests.xctest; sourceTree = BUILT_PRODUCTS_DIR; };
		2347FB7B2A7DC13700913371 /* SampleLayout_SwiftUITests.swift */ = {isa = PBXFileReference; lastKnownFileType = sourcecode.swift; path = SampleLayout_SwiftUITests.swift; sourceTree = "<group>"; };
		2347FB812A7DC13700913371 /* SampleLayout_SwiftUIUITests.xctest */ = {isa = PBXFileReference; explicitFileType = wrapper.cfbundle; includeInIndex = 0; path = SampleLayout_SwiftUIUITests.xctest; sourceTree = BUILT_PRODUCTS_DIR; };
		2347FB852A7DC13700913371 /* SampleLayout_SwiftUIUITests.swift */ = {isa = PBXFileReference; lastKnownFileType = sourcecode.swift; path = SampleLayout_SwiftUIUITests.swift; sourceTree = "<group>"; };
		2347FB872A7DC13700913371 /* SampleLayout_SwiftUIUITestsLaunchTests.swift */ = {isa = PBXFileReference; lastKnownFileType = sourcecode.swift; path = SampleLayout_SwiftUIUITestsLaunchTests.swift; sourceTree = "<group>"; };
/* End PBXFileReference section */

/* Begin PBXFrameworksBuildPhase section */
		2347FB642A7DC13600913371 /* Frameworks */ = {
			isa = PBXFrameworksBuildPhase;
			buildActionMask = 2147483647;
			files = (
			);
			runOnlyForDeploymentPostprocessing = 0;
		};
		2347FB742A7DC13700913371 /* Frameworks */ = {
			isa = PBXFrameworksBuildPhase;
			buildActionMask = 2147483647;
			files = (
			);
			runOnlyForDeploymentPostprocessing = 0;
		};
		2347FB7E2A7DC13700913371 /* Frameworks */ = {
			isa = PBXFrameworksBuildPhase;
			buildActionMask = 2147483647;
			files = (
			);
			runOnlyForDeploymentPostprocessing = 0;
		};
/* End PBXFrameworksBuildPhase section */

/* Begin PBXGroup section */
		2347FB5E2A7DC13600913371 = {
			isa = PBXGroup;
			children = (
				2347FB692A7DC13600913371 /* SampleLayout_SwiftUI */,
				2347FB7A2A7DC13700913371 /* SampleLayout_SwiftUITests */,
				2347FB842A7DC13700913371 /* SampleLayout_SwiftUIUITests */,
				2347FB682A7DC13600913371 /* Products */,
			);
			sourceTree = "<group>";
		};
		2347FB682A7DC13600913371 /* Products */ = {
			isa = PBXGroup;
			children = (
				2347FB672A7DC13600913371 /* SampleLayout_SwiftUI.app */,
				2347FB772A7DC13700913371 /* SampleLayout_SwiftUITests.xctest */,
				2347FB812A7DC13700913371 /* SampleLayout_SwiftUIUITests.xctest */,
			);
			name = Products;
			sourceTree = "<group>";
		};
		2347FB692A7DC13600913371 /* SampleLayout_SwiftUI */ = {
			isa = PBXGroup;
			children = (
				2347FB6A2A7DC13600913371 /* SampleLayout_SwiftUIApp.swift */,
				2347FB6C2A7DC13600913371 /* ContentView.swift */,
				2347FB6E2A7DC13700913371 /* Assets.xcassets */,
				2347FB702A7DC13700913371 /* Preview Content */,
			);
			path = SampleLayout_SwiftUI;
			sourceTree = "<group>";
		};
		2347FB702A7DC13700913371 /* Preview Content */ = {
			isa = PBXGroup;
			children = (
				2347FB712A7DC13700913371 /* Preview Assets.xcassets */,
			);
			path = "Preview Content";
			sourceTree = "<group>";
		};
		2347FB7A2A7DC13700913371 /* SampleLayout_SwiftUITests */ = {
			isa = PBXGroup;
			children = (
				2347FB7B2A7DC13700913371 /* SampleLayout_SwiftUITests.swift */,
			);
			path = SampleLayout_SwiftUITests;
			sourceTree = "<group>";
		};
		2347FB842A7DC13700913371 /* SampleLayout_SwiftUIUITests */ = {
			isa = PBXGroup;
			children = (
				2347FB852A7DC13700913371 /* SampleLayout_SwiftUIUITests.swift */,
				2347FB872A7DC13700913371 /* SampleLayout_SwiftUIUITestsLaunchTests.swift */,
			);
			path = SampleLayout_SwiftUIUITests;
			sourceTree = "<group>";
		};
/* End PBXGroup section */

/* Begin PBXNativeTarget section */
		2347FB662A7DC13600913371 /* SampleLayout_SwiftUI */ = {
			isa = PBXNativeTarget;
			buildConfigurationList = 2347FB8B2A7DC13700913371 /* Build configuration list for PBXNativeTarget "SampleLayout_SwiftUI" */;
			buildPhases = (
				2347FB632A7DC13600913371 /* Sources */,
				2347FB642A7DC13600913371 /* Frameworks */,
				2347FB652A7DC13600913371 /* Resources */,
			);
			buildRules = (
			);
			dependencies = (
			);
			name = SampleLayout_SwiftUI;
			productName = SampleLayout_SwiftUI;
			productReference = 2347FB672A7DC13600913371 /* SampleLayout_SwiftUI.app */;
			productType = "com.apple.product-type.application";
		};
		2347FB762A7DC13700913371 /* SampleLayout_SwiftUITests */ = {
			isa = PBXNativeTarget;
			buildConfigurationList = 2347FB8E2A7DC13700913371 /* Build configuration list for PBXNativeTarget "SampleLayout_SwiftUITests" */;
			buildPhases = (
				2347FB732A7DC13700913371 /* Sources */,
				2347FB742A7DC13700913371 /* Frameworks */,
				2347FB752A7DC13700913371 /* Resources */,
			);
			buildRules = (
			);
			dependencies = (
				2347FB792A7DC13700913371 /* PBXTargetDependency */,
			);
			name = SampleLayout_SwiftUITests;
			productName = SampleLayout_SwiftUITests;
			productReference = 2347FB772A7DC13700913371 /* SampleLayout_SwiftUITests.xctest */;
			productType = "com.apple.product-type.bundle.unit-test";
		};
		2347FB802A7DC13700913371 /* SampleLayout_SwiftUIUITests */ = {
			isa = PBXNativeTarget;
			buildConfigurationList = 2347FB912A7DC13700913371 /* Build configuration list for PBXNativeTarget "SampleLayout_SwiftUIUITests" */;
			buildPhases = (
				2347FB7D2A7DC13700913371 /* Sources */,
				2347FB7E2A7DC13700913371 /* Frameworks */,
				2347FB7F2A7DC13700913371 /* Resources */,
			);
			buildRules = (
			);
			dependencies = (
				2347FB832A7DC13700913371 /* PBXTargetDependency */,
			);
			name = SampleLayout_SwiftUIUITests;
			productName = SampleLayout_SwiftUIUITests;
			productReference = 2347FB812A7DC13700913371 /* SampleLayout_SwiftUIUITests.xctest */;
			productType = "com.apple.product-type.bundle.ui-testing";
		};
/* End PBXNativeTarget section */

/* Begin PBXProject section */
		2347FB5F2A7DC13600913371 /* Project object */ = {
			isa = PBXProject;
			attributes = {
				BuildIndependentTargetsInParallel = 1;
				LastSwiftUpdateCheck = 1430;
				LastUpgradeCheck = 1430;
				TargetAttributes = {
					2347FB662A7DC13600913371 = {
						CreatedOnToolsVersion = 14.3.1;
					};
					2347FB762A7DC13700913371 = {
						CreatedOnToolsVersion = 14.3.1;
						TestTargetID = 2347FB662A7DC13600913371;
					};
					2347FB802A7DC13700913371 = {
						CreatedOnToolsVersion = 14.3.1;
						TestTargetID = 2347FB662A7DC13600913371;
					};
				};
			};
			buildConfigurationList = 2347FB622A7DC13600913371 /* Build configuration list for PBXProject "SampleLayout_SwiftUI" */;
			compatibilityVersion = "Xcode 14.0";
			developmentRegion = en;
			hasScannedForEncodings = 0;
			knownRegions = (
				en,
				Base,
			);
			mainGroup = 2347FB5E2A7DC13600913371;
			productRefGroup = 2347FB682A7DC13600913371 /* Products */;
			projectDirPath = "";
			projectRoot = "";
			targets = (
				2347FB662A7DC13600913371 /* SampleLayout_SwiftUI */,
				2347FB762A7DC13700913371 /* SampleLayout_SwiftUITests */,
				2347FB802A7DC13700913371 /* SampleLayout_SwiftUIUITests */,
			);
		};
/* End PBXProject section */

/* Begin PBXResourcesBuildPhase section */
		2347FB652A7DC13600913371 /* Resources */ = {
			isa = PBXResourcesBuildPhase;
			buildActionMask = 2147483647;
			files = (
				2347FB722A7DC13700913371 /* Preview Assets.xcassets in Resources */,
				2347FB6F2A7DC13700913371 /* Assets.xcassets in Resources */,
			);
			runOnlyForDeploymentPostprocessing = 0;
		};
		2347FB752A7DC13700913371 /* Resources */ = {
			isa = PBXResourcesBuildPhase;
			buildActionMask = 2147483647;
			files = (
			);
			runOnlyForDeploymentPostprocessing = 0;
		};
		2347FB7F2A7DC13700913371 /* Resources */ = {
			isa = PBXResourcesBuildPhase;
			buildActionMask = 2147483647;
			files = (
			);
			runOnlyForDeploymentPostprocessing = 0;
		};
/* End PBXResourcesBuildPhase section */

/* Begin PBXSourcesBuildPhase section */
		2347FB632A7DC13600913371 /* Sources */ = {
			isa = PBXSourcesBuildPhase;
			buildActionMask = 2147483647;
			files = (
				2347FB6D2A7DC13600913371 /* ContentView.swift in Sources */,
				2347FB6B2A7DC13600913371 /* SampleLayout_SwiftUIApp.swift in Sources */,
			);
			runOnlyForDeploymentPostprocessing = 0;
		};
		2347FB732A7DC13700913371 /* Sources */ = {
			isa = PBXSourcesBuildPhase;
			buildActionMask = 2147483647;
			files = (
				2347FB7C2A7DC13700913371 /* SampleLayout_SwiftUITests.swift in Sources */,
			);
			runOnlyForDeploymentPostprocessing = 0;
		};
		2347FB7D2A7DC13700913371 /* Sources */ = {
			isa = PBXSourcesBuildPhase;
			buildActionMask = 2147483647;
			files = (
				2347FB882A7DC13700913371 /* SampleLayout_SwiftUIUITestsLaunchTests.swift in Sources */,
				2347FB862A7DC13700913371 /* SampleLayout_SwiftUIUITests.swift in Sources */,
			);
			runOnlyForDeploymentPostprocessing = 0;
		};
/* End PBXSourcesBuildPhase section */

/* Begin PBXTargetDependency section */
		2347FB792A7DC13700913371 /* PBXTargetDependency */ = {
			isa = PBXTargetDependency;
			target = 2347FB662A7DC13600913371 /* SampleLayout_SwiftUI */;
			targetProxy = 2347FB782A7DC13700913371 /* PBXContainerItemProxy */;
		};
		2347FB832A7DC13700913371 /* PBXTargetDependency */ = {
			isa = PBXTargetDependency;
			target = 2347FB662A7DC13600913371 /* SampleLayout_SwiftUI */;
			targetProxy = 2347FB822A7DC13700913371 /* PBXContainerItemProxy */;
		};
/* End PBXTargetDependency section */

/* Begin XCBuildConfiguration section */
		2347FB892A7DC13700913371 /* Debug */ = {
			isa = XCBuildConfiguration;
			buildSettings = {
				ALWAYS_SEARCH_USER_PATHS = NO;
				CLANG_ANALYZER_NONNULL = YES;
				CLANG_ANALYZER_NUMBER_OBJECT_CONVERSION = YES_AGGRESSIVE;
				CLANG_CXX_LANGUAGE_STANDARD = "gnu++20";
				CLANG_ENABLE_MODULES = YES;
				CLANG_ENABLE_OBJC_ARC = YES;
				CLANG_ENABLE_OBJC_WEAK = YES;
				CLANG_WARN_BLOCK_CAPTURE_AUTORELEASING = YES;
				CLANG_WARN_BOOL_CONVERSION = YES;
				CLANG_WARN_COMMA = YES;
				CLANG_WARN_CONSTANT_CONVERSION = YES;
				CLANG_WARN_DEPRECATED_OBJC_IMPLEMENTATIONS = YES;
				CLANG_WARN_DIRECT_OBJC_ISA_USAGE = YES_ERROR;
				CLANG_WARN_DOCUMENTATION_COMMENTS = YES;
				CLANG_WARN_EMPTY_BODY = YES;
				CLANG_WARN_ENUM_CONVERSION = YES;
				CLANG_WARN_INFINITE_RECURSION = YES;
				CLANG_WARN_INT_CONVERSION = YES;
				CLANG_WARN_NON_LITERAL_NULL_CONVERSION = YES;
				CLANG_WARN_OBJC_IMPLICIT_RETAIN_SELF = YES;
				CLANG_WARN_OBJC_LITERAL_CONVERSION = YES;
				CLANG_WARN_OBJC_ROOT_CLASS = YES_ERROR;
				CLANG_WARN_QUOTED_INCLUDE_IN_FRAMEWORK_HEADER = YES;
				CLANG_WARN_RANGE_LOOP_ANALYSIS = YES;
				CLANG_WARN_STRICT_PROTOTYPES = YES;
				CLANG_WARN_SUSPICIOUS_MOVE = YES;
				CLANG_WARN_UNGUARDED_AVAILABILITY = YES_AGGRESSIVE;
				CLANG_WARN_UNREACHABLE_CODE = YES;
				CLANG_WARN__DUPLICATE_METHOD_MATCH = YES;
				COPY_PHASE_STRIP = NO;
				DEBUG_INFORMATION_FORMAT = dwarf;
				ENABLE_STRICT_OBJC_MSGSEND = YES;
				ENABLE_TESTABILITY = YES;
				GCC_C_LANGUAGE_STANDARD = gnu11;
				GCC_DYNAMIC_NO_PIC = NO;
				GCC_NO_COMMON_BLOCKS = YES;
				GCC_OPTIMIZATION_LEVEL = 0;
				GCC_PREPROCESSOR_DEFINITIONS = (
					"DEBUG=1",
					"$(inherited)",
				);
				GCC_WARN_64_TO_32_BIT_CONVERSION = YES;
				GCC_WARN_ABOUT_RETURN_TYPE = YES_ERROR;
				GCC_WARN_UNDECLARED_SELECTOR = YES;
				GCC_WARN_UNINITIALIZED_AUTOS = YES_AGGRESSIVE;
				GCC_WARN_UNUSED_FUNCTION = YES;
				GCC_WARN_UNUSED_VARIABLE = YES;
				IPHONEOS_DEPLOYMENT_TARGET = 16.4;
				MTL_ENABLE_DEBUG_INFO = INCLUDE_SOURCE;
				MTL_FAST_MATH = YES;
				ONLY_ACTIVE_ARCH = YES;
				SDKROOT = iphoneos;
				SWIFT_ACTIVE_COMPILATION_CONDITIONS = DEBUG;
				SWIFT_OPTIMIZATION_LEVEL = "-Onone";
			};
			name = Debug;
		};
		2347FB8A2A7DC13700913371 /* Release */ = {
			isa = XCBuildConfiguration;
			buildSettings = {
				ALWAYS_SEARCH_USER_PATHS = NO;
				CLANG_ANALYZER_NONNULL = YES;
				CLANG_ANALYZER_NUMBER_OBJECT_CONVERSION = YES_AGGRESSIVE;
				CLANG_CXX_LANGUAGE_STANDARD = "gnu++20";
				CLANG_ENABLE_MODULES = YES;
				CLANG_ENABLE_OBJC_ARC = YES;
				CLANG_ENABLE_OBJC_WEAK = YES;
				CLANG_WARN_BLOCK_CAPTURE_AUTORELEASING = YES;
				CLANG_WARN_BOOL_CONVERSION = YES;
				CLANG_WARN_COMMA = YES;
				CLANG_WARN_CONSTANT_CONVERSION = YES;
				CLANG_WARN_DEPRECATED_OBJC_IMPLEMENTATIONS = YES;
				CLANG_WARN_DIRECT_OBJC_ISA_USAGE = YES_ERROR;
				CLANG_WARN_DOCUMENTATION_COMMENTS = YES;
				CLANG_WARN_EMPTY_BODY = YES;
				CLANG_WARN_ENUM_CONVERSION = YES;
				CLANG_WARN_INFINITE_RECURSION = YES;
				CLANG_WARN_INT_CONVERSION = YES;
				CLANG_WARN_NON_LITERAL_NULL_CONVERSION = YES;
				CLANG_WARN_OBJC_IMPLICIT_RETAIN_SELF = YES;
				CLANG_WARN_OBJC_LITERAL_CONVERSION = YES;
				CLANG_WARN_OBJC_ROOT_CLASS = YES_ERROR;
				CLANG_WARN_QUOTED_INCLUDE_IN_FRAMEWORK_HEADER = YES;
				CLANG_WARN_RANGE_LOOP_ANALYSIS = YES;
				CLANG_WARN_STRICT_PROTOTYPES = YES;
				CLANG_WARN_SUSPICIOUS_MOVE = YES;
				CLANG_WARN_UNGUARDED_AVAILABILITY = YES_AGGRESSIVE;
				CLANG_WARN_UNREACHABLE_CODE = YES;
				CLANG_WARN__DUPLICATE_METHOD_MATCH = YES;
				COPY_PHASE_STRIP = NO;
				DEBUG_INFORMATION_FORMAT = "dwarf-with-dsym";
				ENABLE_NS_ASSERTIONS = NO;
				ENABLE_STRICT_OBJC_MSGSEND = YES;
				GCC_C_LANGUAGE_STANDARD = gnu11;
				GCC_NO_COMMON_BLOCKS = YES;
				GCC_WARN_64_TO_32_BIT_CONVERSION = YES;
				GCC_WARN_ABOUT_RETURN_TYPE = YES_ERROR;
				GCC_WARN_UNDECLARED_SELECTOR = YES;
				GCC_WARN_UNINITIALIZED_AUTOS = YES_AGGRESSIVE;
				GCC_WARN_UNUSED_FUNCTION = YES;
				GCC_WARN_UNUSED_VARIABLE = YES;
				IPHONEOS_DEPLOYMENT_TARGET = 16.4;
				MTL_ENABLE_DEBUG_INFO = NO;
				MTL_FAST_MATH = YES;
				SDKROOT = iphoneos;
				SWIFT_COMPILATION_MODE = wholemodule;
				SWIFT_OPTIMIZATION_LEVEL = "-O";
				VALIDATE_PRODUCT = YES;
			};
			name = Release;
		};
		2347FB8C2A7DC13700913371 /* Debug */ = {
			isa = XCBuildConfiguration;
			buildSettings = {
				ASSETCATALOG_COMPILER_APPICON_NAME = AppIcon;
				ASSETCATALOG_COMPILER_GLOBAL_ACCENT_COLOR_NAME = AccentColor;
				CODE_SIGN_STYLE = Automatic;
				CURRENT_PROJECT_VERSION = 1;
				DEVELOPMENT_ASSET_PATHS = "\"SampleLayout_SwiftUI/Preview Content\"";
				DEVELOPMENT_TEAM = 3YQX667AM4;
				ENABLE_PREVIEWS = YES;
				GENERATE_INFOPLIST_FILE = YES;
				INFOPLIST_KEY_UIApplicationSceneManifest_Generation = YES;
				INFOPLIST_KEY_UIApplicationSupportsIndirectInputEvents = YES;
				INFOPLIST_KEY_UILaunchScreen_Generation = YES;
				INFOPLIST_KEY_UISupportedInterfaceOrientations_iPad = "UIInterfaceOrientationPortrait UIInterfaceOrientationPortraitUpsideDown UIInterfaceOrientationLandscapeLeft UIInterfaceOrientationLandscapeRight";
				INFOPLIST_KEY_UISupportedInterfaceOrientations_iPhone = "UIInterfaceOrientationPortrait UIInterfaceOrientationLandscapeLeft UIInterfaceOrientationLandscapeRight";
				LD_RUNPATH_SEARCH_PATHS = (
					"$(inherited)",
					"@executable_path/Frameworks",
				);
				MARKETING_VERSION = 1.0;
				PRODUCT_BUNDLE_IDENTIFIER = "com.musictheater.SampleLayout-SwiftUI";
				PRODUCT_NAME = "$(TARGET_NAME)";
				SWIFT_EMIT_LOC_STRINGS = YES;
				SWIFT_VERSION = 5.0;
				TARGETED_DEVICE_FAMILY = "1,2";
			};
			name = Debug;
		};
		2347FB8D2A7DC13700913371 /* Release */ = {
			isa = XCBuildConfiguration;
			buildSettings = {
				ASSETCATALOG_COMPILER_APPICON_NAME = AppIcon;
				ASSETCATALOG_COMPILER_GLOBAL_ACCENT_COLOR_NAME = AccentColor;
				CODE_SIGN_STYLE = Automatic;
				CURRENT_PROJECT_VERSION = 1;
				DEVELOPMENT_ASSET_PATHS = "\"SampleLayout_SwiftUI/Preview Content\"";
				DEVELOPMENT_TEAM = 3YQX667AM4;
				ENABLE_PREVIEWS = YES;
				GENERATE_INFOPLIST_FILE = YES;
				INFOPLIST_KEY_UIApplicationSceneManifest_Generation = YES;
				INFOPLIST_KEY_UIApplicationSupportsIndirectInputEvents = YES;
				INFOPLIST_KEY_UILaunchScreen_Generation = YES;
				INFOPLIST_KEY_UISupportedInterfaceOrientations_iPad = "UIInterfaceOrientationPortrait UIInterfaceOrientationPortraitUpsideDown UIInterfaceOrientationLandscapeLeft UIInterfaceOrientationLandscapeRight";
				INFOPLIST_KEY_UISupportedInterfaceOrientations_iPhone = "UIInterfaceOrientationPortrait UIInterfaceOrientationLandscapeLeft UIInterfaceOrientationLandscapeRight";
				LD_RUNPATH_SEARCH_PATHS = (
					"$(inherited)",
					"@executable_path/Frameworks",
				);
				MARKETING_VERSION = 1.0;
				PRODUCT_BUNDLE_IDENTIFIER = "com.musictheater.SampleLayout-SwiftUI";
				PRODUCT_NAME = "$(TARGET_NAME)";
				SWIFT_EMIT_LOC_STRINGS = YES;
				SWIFT_VERSION = 5.0;
				TARGETED_DEVICE_FAMILY = "1,2";
			};
			name = Release;
		};
		2347FB8F2A7DC13700913371 /* Debug */ = {
			isa = XCBuildConfiguration;
			buildSettings = {
				ALWAYS_EMBED_SWIFT_STANDARD_LIBRARIES = YES;
				BUNDLE_LOADER = "$(TEST_HOST)";
				CODE_SIGN_STYLE = Automatic;
				CURRENT_PROJECT_VERSION = 1;
				DEVELOPMENT_TEAM = 3YQX667AM4;
				GENERATE_INFOPLIST_FILE = YES;
				IPHONEOS_DEPLOYMENT_TARGET = 16.4;
				MARKETING_VERSION = 1.0;
				PRODUCT_BUNDLE_IDENTIFIER = "com.musictheater.SampleLayout-SwiftUITests";
				PRODUCT_NAME = "$(TARGET_NAME)";
				SWIFT_EMIT_LOC_STRINGS = NO;
				SWIFT_VERSION = 5.0;
				TARGETED_DEVICE_FAMILY = "1,2";
				TEST_HOST = "$(BUILT_PRODUCTS_DIR)/SampleLayout_SwiftUI.app/$(BUNDLE_EXECUTABLE_FOLDER_PATH)/SampleLayout_SwiftUI";
			};
			name = Debug;
		};
		2347FB902A7DC13700913371 /* Release */ = {
			isa = XCBuildConfiguration;
			buildSettings = {
				ALWAYS_EMBED_SWIFT_STANDARD_LIBRARIES = YES;
				BUNDLE_LOADER = "$(TEST_HOST)";
				CODE_SIGN_STYLE = Automatic;
				CURRENT_PROJECT_VERSION = 1;
				DEVELOPMENT_TEAM = 3YQX667AM4;
				GENERATE_INFOPLIST_FILE = YES;
				IPHONEOS_DEPLOYMENT_TARGET = 16.4;
				MARKETING_VERSION = 1.0;
				PRODUCT_BUNDLE_IDENTIFIER = "com.musictheater.SampleLayout-SwiftUITests";
				PRODUCT_NAME = "$(TARGET_NAME)";
				SWIFT_EMIT_LOC_STRINGS = NO;
				SWIFT_VERSION = 5.0;
				TARGETED_DEVICE_FAMILY = "1,2";
				TEST_HOST = "$(BUILT_PRODUCTS_DIR)/SampleLayout_SwiftUI.app/$(BUNDLE_EXECUTABLE_FOLDER_PATH)/SampleLayout_SwiftUI";
			};
			name = Release;
		};
		2347FB922A7DC13700913371 /* Debug */ = {
			isa = XCBuildConfiguration;
			buildSettings = {
				ALWAYS_EMBED_SWIFT_STANDARD_LIBRARIES = YES;
				CODE_SIGN_STYLE = Automatic;
				CURRENT_PROJECT_VERSION = 1;
				DEVELOPMENT_TEAM = 3YQX667AM4;
				GENERATE_INFOPLIST_FILE = YES;
				MARKETING_VERSION = 1.0;
				PRODUCT_BUNDLE_IDENTIFIER = "com.musictheater.SampleLayout-SwiftUIUITests";
				PRODUCT_NAME = "$(TARGET_NAME)";
				SWIFT_EMIT_LOC_STRINGS = NO;
				SWIFT_VERSION = 5.0;
				TARGETED_DEVICE_FAMILY = "1,2";
				TEST_TARGET_NAME = SampleLayout_SwiftUI;
			};
			name = Debug;
		};
		2347FB932A7DC13700913371 /* Release */ = {
			isa = XCBuildConfiguration;
			buildSettings = {
				ALWAYS_EMBED_SWIFT_STANDARD_LIBRARIES = YES;
				CODE_SIGN_STYLE = Automatic;
				CURRENT_PROJECT_VERSION = 1;
				DEVELOPMENT_TEAM = 3YQX667AM4;
				GENERATE_INFOPLIST_FILE = YES;
				MARKETING_VERSION = 1.0;
				PRODUCT_BUNDLE_IDENTIFIER = "com.musictheater.SampleLayout-SwiftUIUITests";
				PRODUCT_NAME = "$(TARGET_NAME)";
				SWIFT_EMIT_LOC_STRINGS = NO;
				SWIFT_VERSION = 5.0;
				TARGETED_DEVICE_FAMILY = "1,2";
				TEST_TARGET_NAME = SampleLayout_SwiftUI;
			};
			name = Release;
		};
/* End XCBuildConfiguration section */

/* Begin XCConfigurationList section */
		2347FB622A7DC13600913371 /* Build configuration list for PBXProject "SampleLayout_SwiftUI" */ = {
			isa = XCConfigurationList;
			buildConfigurations = (
				2347FB892A7DC13700913371 /* Debug */,
				2347FB8A2A7DC13700913371 /* Release */,
			);
			defaultConfigurationIsVisible = 0;
			defaultConfigurationName = Release;
		};
		2347FB8B2A7DC13700913371 /* Build configuration list for PBXNativeTarget "SampleLayout_SwiftUI" */ = {
			isa = XCConfigurationList;
			buildConfigurations = (
				2347FB8C2A7DC13700913371 /* Debug */,
				2347FB8D2A7DC13700913371 /* Release */,
			);
			defaultConfigurationIsVisible = 0;
			defaultConfigurationName = Release;
		};
		2347FB8E2A7DC13700913371 /* Build configuration list for PBXNativeTarget "SampleLayout_SwiftUITests" */ = {
			isa = XCConfigurationList;
			buildConfigurations = (
				2347FB8F2A7DC13700913371 /* Debug */,
				2347FB902A7DC13700913371 /* Release */,
			);
			defaultConfigurationIsVisible = 0;
			defaultConfigurationName = Release;
		};
		2347FB912A7DC13700913371 /* Build configuration list for PBXNativeTarget "SampleLayout_SwiftUIUITests" */ = {
			isa = XCConfigurationList;
			buildConfigurations = (
				2347FB922A7DC13700913371 /* Debug */,
				2347FB932A7DC13700913371 /* Release */,
			);
			defaultConfigurationIsVisible = 0;
			defaultConfigurationName = Release;
		};
/* End XCConfigurationList section */
	};
	rootObject = 2347FB5F2A7DC13600913371 /* Project object */;
}
